
Microsoft Visual Studio Solution File, Format Version 12.00
# Visual Studio Version 17
VisualStudioVersion = 17.0.32112.339
MinimumVisualStudioVersion = 10.0.40219.1
Project("{FAE04EC0-301F-11D3-BF4B-00C04F79EFBC}") = "UwuGrab", "UwuGrab\UwuGrab.csproj", "{4DA069CE-453E-4D84-A0AF-B2EC282F9E14}"
EndProject
Global
	GlobalSection(SolutionConfigurationPlatforms) = preSolution
		Debug|Any CPU = Debug|Any CPU
		Release|Any CPU = Release|Any CPU
	EndGlobalSection
	GlobalSection(ProjectConfigurationPlatforms) = postSolution
		{4DA069CE-453E-4D84-A0AF-B2EC282F9E14}.Debug|Any CPU.ActiveCfg = Debug|Any CPU
		{4DA069CE-453E-4D84-A0AF-B2EC282F9E14}.Debug|Any CPU.Build.0 = Debug|Any CPU
		{4DA069CE-453E-4D84-A0AF-B2EC282F9E14}.Release|Any CPU.ActiveCfg = Release|Any CPU
		{4DA069CE-453E-4D84-A0AF-B2EC282F9E14}.Release|Any CPU.Build.0 = Release|Any CPU
	EndGlobalSection
	GlobalSection(SolutionProperties) = preSolution
		HideSolutionNode = FALSE
	EndGlobalSection
	GlobalSection(ExtensibilityGlobals) = postSolution
		SolutionGuid = {99D056AC-DEAB-4B10-B2A7-BC255874775F}
	EndGlobalSection
EndGlobal
